
Microsoft Visual Studio Solution File, Format Version 12.00
# Visual Studio 14
VisualStudioVersion = 14.0.25420.1
MinimumVisualStudioVersion = 10.0.40219.1
Project("{FAE04EC0-301F-11D3-BF4B-00C04F79EFBC}") = "CalcLib", "MyCalcLib\CalcLib.csproj", "{907CF36D-ADFA-45C7-A644-EFD5E6CAFF96}"
EndProject
Project("{FAE04EC0-301F-11D3-BF4B-00C04F79EFBC}") = "CalcLib.Tests", "MyCalcLibTests\CalcLib.Tests.csproj", "{3FDA7E25-EB99-4CBC-8BB9-A410F26D9543}"
EndProject
Project("{FAE04EC0-301F-11D3-BF4B-00C04F79EFBC}") = "CalculatorConsoleApp", "CalculatorConsoleApp\CalculatorConsoleApp.csproj", "{B85A55EB-A3C8-4CAE-9449-E9378C9030F8}"
EndProject
Project("{FAE04EC0-301F-11D3-BF4B-00C04F79EFBC}") = "SharedCodeSnippets", "MyManualTest\SharedCodeSnippets.csproj", "{A768B3E4-CB51-4EEA-B379-F80B539A8433}"
EndProject
Project("{FAE04EC0-301F-11D3-BF4B-00C04F79EFBC}") = "GlobalLogger", "GlobalLogger\GlobalLogger.csproj", "{5A99EC8B-610C-4A49-91E4-C2244CBE8953}"
EndProject
Project("{FAE04EC0-301F-11D3-BF4B-00C04F79EFBC}") = "UICalculator", "UICalculator\UICalculator.csproj", "{FDB34B93-0BA1-41E6-8019-BAD1CBC666CC}"
EndProject
Global
	GlobalSection(SolutionConfigurationPlatforms) = preSolution
		Debug|Any CPU = Debug|Any CPU
		Debug|ARM = Debug|ARM
		Debug|x64 = Debug|x64
		Debug|x86 = Debug|x86
		Release|Any CPU = Release|Any CPU
		Release|ARM = Release|ARM
		Release|x64 = Release|x64
		Release|x86 = Release|x86
	EndGlobalSection
	GlobalSection(ProjectConfigurationPlatforms) = postSolution
		{907CF36D-ADFA-45C7-A644-EFD5E6CAFF96}.Debug|Any CPU.ActiveCfg = Debug|Any CPU
		{907CF36D-ADFA-45C7-A644-EFD5E6CAFF96}.Debug|Any CPU.Build.0 = Debug|Any CPU
		{907CF36D-ADFA-45C7-A644-EFD5E6CAFF96}.Debug|ARM.ActiveCfg = Debug|Any CPU
		{907CF36D-ADFA-45C7-A644-EFD5E6CAFF96}.Debug|ARM.Build.0 = Debug|Any CPU
		{907CF36D-ADFA-45C7-A644-EFD5E6CAFF96}.Debug|x64.ActiveCfg = Debug|Any CPU
		{907CF36D-ADFA-45C7-A644-EFD5E6CAFF96}.Debug|x64.Build.0 = Debug|Any CPU
		{907CF36D-ADFA-45C7-A644-EFD5E6CAFF96}.Debug|x86.ActiveCfg = Debug|Any CPU
		{907CF36D-ADFA-45C7-A644-EFD5E6CAFF96}.Debug|x86.Build.0 = Debug|Any CPU
		{907CF36D-ADFA-45C7-A644-EFD5E6CAFF96}.Release|Any CPU.ActiveCfg = Release|Any CPU
		{907CF36D-ADFA-45C7-A644-EFD5E6CAFF96}.Release|Any CPU.Build.0 = Release|Any CPU
		{907CF36D-ADFA-45C7-A644-EFD5E6CAFF96}.Release|ARM.ActiveCfg = Release|Any CPU
		{907CF36D-ADFA-45C7-A644-EFD5E6CAFF96}.Release|ARM.Build.0 = Release|Any CPU
		{907CF36D-ADFA-45C7-A644-EFD5E6CAFF96}.Release|x64.ActiveCfg = Release|Any CPU
		{907CF36D-ADFA-45C7-A644-EFD5E6CAFF96}.Release|x64.Build.0 = Release|Any CPU
		{907CF36D-ADFA-45C7-A644-EFD5E6CAFF96}.Release|x86.ActiveCfg = Release|Any CPU
		{907CF36D-ADFA-45C7-A644-EFD5E6CAFF96}.Release|x86.Build.0 = Release|Any CPU
		{3FDA7E25-EB99-4CBC-8BB9-A410F26D9543}.Debug|Any CPU.ActiveCfg = Debug|Any CPU
		{3FDA7E25-EB99-4CBC-8BB9-A410F26D9543}.Debug|Any CPU.Build.0 = Debug|Any CPU
		{3FDA7E25-EB99-4CBC-8BB9-A410F26D9543}.Debug|ARM.ActiveCfg = Debug|Any CPU
		{3FDA7E25-EB99-4CBC-8BB9-A410F26D9543}.Debug|ARM.Build.0 = Debug|Any CPU
		{3FDA7E25-EB99-4CBC-8BB9-A410F26D9543}.Debug|x64.ActiveCfg = Debug|Any CPU
		{3FDA7E25-EB99-4CBC-8BB9-A410F26D9543}.Debug|x64.Build.0 = Debug|Any CPU
		{3FDA7E25-EB99-4CBC-8BB9-A410F26D9543}.Debug|x86.ActiveCfg = Debug|Any CPU
		{3FDA7E25-EB99-4CBC-8BB9-A410F26D9543}.Debug|x86.Build.0 = Debug|Any CPU
		{3FDA7E25-EB99-4CBC-8BB9-A410F26D9543}.Release|Any CPU.ActiveCfg = Release|Any CPU
		{3FDA7E25-EB99-4CBC-8BB9-A410F26D9543}.Release|Any CPU.Build.0 = Release|Any CPU
		{3FDA7E25-EB99-4CBC-8BB9-A410F26D9543}.Release|ARM.ActiveCfg = Release|Any CPU
		{3FDA7E25-EB99-4CBC-8BB9-A410F26D9543}.Release|ARM.Build.0 = Release|Any CPU
		{3FDA7E25-EB99-4CBC-8BB9-A410F26D9543}.Release|x64.ActiveCfg = Release|Any CPU
		{3FDA7E25-EB99-4CBC-8BB9-A410F26D9543}.Release|x64.Build.0 = Release|Any CPU
		{3FDA7E25-EB99-4CBC-8BB9-A410F26D9543}.Release|x86.ActiveCfg = Release|Any CPU
		{3FDA7E25-EB99-4CBC-8BB9-A410F26D9543}.Release|x86.Build.0 = Release|Any CPU
		{B85A55EB-A3C8-4CAE-9449-E9378C9030F8}.Debug|Any CPU.ActiveCfg = Debug|Any CPU
		{B85A55EB-A3C8-4CAE-9449-E9378C9030F8}.Debug|Any CPU.Build.0 = Debug|Any CPU
		{B85A55EB-A3C8-4CAE-9449-E9378C9030F8}.Debug|ARM.ActiveCfg = Debug|Any CPU
		{B85A55EB-A3C8-4CAE-9449-E9378C9030F8}.Debug|ARM.Build.0 = Debug|Any CPU
		{B85A55EB-A3C8-4CAE-9449-E9378C9030F8}.Debug|x64.ActiveCfg = Debug|Any CPU
		{B85A55EB-A3C8-4CAE-9449-E9378C9030F8}.Debug|x64.Build.0 = Debug|Any CPU
		{B85A55EB-A3C8-4CAE-9449-E9378C9030F8}.Debug|x86.ActiveCfg = Debug|Any CPU
		{B85A55EB-A3C8-4CAE-9449-E9378C9030F8}.Debug|x86.Build.0 = Debug|Any CPU
		{B85A55EB-A3C8-4CAE-9449-E9378C9030F8}.Release|Any CPU.ActiveCfg = Release|Any CPU
		{B85A55EB-A3C8-4CAE-9449-E9378C9030F8}.Release|Any CPU.Build.0 = Release|Any CPU
		{B85A55EB-A3C8-4CAE-9449-E9378C9030F8}.Release|ARM.ActiveCfg = Release|Any CPU
		{B85A55EB-A3C8-4CAE-9449-E9378C9030F8}.Release|ARM.Build.0 = Release|Any CPU
		{B85A55EB-A3C8-4CAE-9449-E9378C9030F8}.Release|x64.ActiveCfg = Release|Any CPU
		{B85A55EB-A3C8-4CAE-9449-E9378C9030F8}.Release|x64.Build.0 = Release|Any CPU
		{B85A55EB-A3C8-4CAE-9449-E9378C9030F8}.Release|x86.ActiveCfg = Release|Any CPU
		{B85A55EB-A3C8-4CAE-9449-E9378C9030F8}.Release|x86.Build.0 = Release|Any CPU
		{A768B3E4-CB51-4EEA-B379-F80B539A8433}.Debug|Any CPU.ActiveCfg = Debug|Any CPU
		{A768B3E4-CB51-4EEA-B379-F80B539A8433}.Debug|Any CPU.Build.0 = Debug|Any CPU
		{A768B3E4-CB51-4EEA-B379-F80B539A8433}.Debug|ARM.ActiveCfg = Debug|Any CPU
		{A768B3E4-CB51-4EEA-B379-F80B539A8433}.Debug|x64.ActiveCfg = Debug|Any CPU
		{A768B3E4-CB51-4EEA-B379-F80B539A8433}.Debug|x86.ActiveCfg = Debug|Any CPU
		{A768B3E4-CB51-4EEA-B379-F80B539A8433}.Release|Any CPU.ActiveCfg = Release|Any CPU
		{A768B3E4-CB51-4EEA-B379-F80B539A8433}.Release|Any CPU.Build.0 = Release|Any CPU
		{A768B3E4-CB51-4EEA-B379-F80B539A8433}.Release|ARM.ActiveCfg = Release|Any CPU
		{A768B3E4-CB51-4EEA-B379-F80B539A8433}.Release|x64.ActiveCfg = Release|Any CPU
		{A768B3E4-CB51-4EEA-B379-F80B539A8433}.Release|x86.ActiveCfg = Release|Any CPU
		{5A99EC8B-610C-4A49-91E4-C2244CBE8953}.Debug|Any CPU.ActiveCfg = Debug|Any CPU
		{5A99EC8B-610C-4A49-91E4-C2244CBE8953}.Debug|Any CPU.Build.0 = Debug|Any CPU
		{5A99EC8B-610C-4A49-91E4-C2244CBE8953}.Debug|ARM.ActiveCfg = Debug|Any CPU
		{5A99EC8B-610C-4A49-91E4-C2244CBE8953}.Debug|ARM.Build.0 = Debug|Any CPU
		{5A99EC8B-610C-4A49-91E4-C2244CBE8953}.Debug|x64.ActiveCfg = Debug|Any CPU
		{5A99EC8B-610C-4A49-91E4-C2244CBE8953}.Debug|x64.Build.0 = Debug|Any CPU
		{5A99EC8B-610C-4A49-91E4-C2244CBE8953}.Debug|x86.ActiveCfg = Debug|Any CPU
		{5A99EC8B-610C-4A49-91E4-C2244CBE8953}.Debug|x86.Build.0 = Debug|Any CPU
		{5A99EC8B-610C-4A49-91E4-C2244CBE8953}.Release|Any CPU.ActiveCfg = Release|Any CPU
		{5A99EC8B-610C-4A49-91E4-C2244CBE8953}.Release|Any CPU.Build.0 = Release|Any CPU
		{5A99EC8B-610C-4A49-91E4-C2244CBE8953}.Release|ARM.ActiveCfg = Release|Any CPU
		{5A99EC8B-610C-4A49-91E4-C2244CBE8953}.Release|ARM.Build.0 = Release|Any CPU
		{5A99EC8B-610C-4A49-91E4-C2244CBE8953}.Release|x64.ActiveCfg = Release|Any CPU
		{5A99EC8B-610C-4A49-91E4-C2244CBE8953}.Release|x64.Build.0 = Release|Any CPU
		{5A99EC8B-610C-4A49-91E4-C2244CBE8953}.Release|x86.ActiveCfg = Release|Any CPU
		{5A99EC8B-610C-4A49-91E4-C2244CBE8953}.Release|x86.Build.0 = Release|Any CPU
		{FDB34B93-0BA1-41E6-8019-BAD1CBC666CC}.Debug|Any CPU.ActiveCfg = Debug|x86
		{FDB34B93-0BA1-41E6-8019-BAD1CBC666CC}.Debug|Any CPU.Build.0 = Debug|x86
		{FDB34B93-0BA1-41E6-8019-BAD1CBC666CC}.Debug|Any CPU.Deploy.0 = Debug|x86
		{FDB34B93-0BA1-41E6-8019-BAD1CBC666CC}.Debug|ARM.ActiveCfg = Debug|ARM
		{FDB34B93-0BA1-41E6-8019-BAD1CBC666CC}.Debug|ARM.Build.0 = Debug|ARM
		{FDB34B93-0BA1-41E6-8019-BAD1CBC666CC}.Debug|ARM.Deploy.0 = Debug|ARM
		{FDB34B93-0BA1-41E6-8019-BAD1CBC666CC}.Debug|x64.ActiveCfg = Debug|x64
		{FDB34B93-0BA1-41E6-8019-BAD1CBC666CC}.Debug|x64.Build.0 = Debug|x64
		{FDB34B93-0BA1-41E6-8019-BAD1CBC666CC}.Debug|x64.Deploy.0 = Debug|x64
		{FDB34B93-0BA1-41E6-8019-BAD1CBC666CC}.Debug|x86.ActiveCfg = Debug|x86
		{FDB34B93-0BA1-41E6-8019-BAD1CBC666CC}.Debug|x86.Build.0 = Debug|x86
		{FDB34B93-0BA1-41E6-8019-BAD1CBC666CC}.Debug|x86.Deploy.0 = Debug|x86
		{FDB34B93-0BA1-41E6-8019-BAD1CBC666CC}.Release|Any CPU.ActiveCfg = Release|x86
		{FDB34B93-0BA1-41E6-8019-BAD1CBC666CC}.Release|ARM.ActiveCfg = Release|ARM
		{FDB34B93-0BA1-41E6-8019-BAD1CBC666CC}.Release|ARM.Build.0 = Release|ARM
		{FDB34B93-0BA1-41E6-8019-BAD1CBC666CC}.Release|ARM.Deploy.0 = Release|ARM
		{FDB34B93-0BA1-41E6-8019-BAD1CBC666CC}.Release|x64.ActiveCfg = Release|x64
		{FDB34B93-0BA1-41E6-8019-BAD1CBC666CC}.Release|x64.Build.0 = Release|x64
		{FDB34B93-0BA1-41E6-8019-BAD1CBC666CC}.Release|x64.Deploy.0 = Release|x64
		{FDB34B93-0BA1-41E6-8019-BAD1CBC666CC}.Release|x86.ActiveCfg = Release|x86
		{FDB34B93-0BA1-41E6-8019-BAD1CBC666CC}.Release|x86.Build.0 = Release|x86
		{FDB34B93-0BA1-41E6-8019-BAD1CBC666CC}.Release|x86.Deploy.0 = Release|x86
	EndGlobalSection
	GlobalSection(SolutionProperties) = preSolution
		HideSolutionNode = FALSE
	EndGlobalSection
EndGlobal
